# THIS IS AN AUTOGENERATED FILE. DO NOT EDIT THIS FILE DIRECTLY.
# yarn lockfile v1


"@inquirer/ansi@^2.0.6":
  version "2.0.6"
  resolved "https://registry.yarnpkg.com/@inquirer/ansi/-/ansi-2.0.6.tgz#537b3e75355a7599f25a2289843ccbc3318af98c"
  integrity sha512-I/INw4sHGlVZ/afZOckpLiDP9SmbMl1g/GCqeHjLw1Afw/0PlRs2tRFgTGWmdI0hoNuWZn3y2iHNmG1vyECyQQ==

"@inquirer/checkbox@^5.2.0":
  version "5.2.0"
  resolved "https://registry.yarnpkg.com/@inquirer/checkbox/-/checkbox-5.2.0.tgz#762c20854971bdd4ddb0105fce3c65e1e02d1bb0"
  integrity sha512-1HJt+3fqxblp/GQjdntSyoSHYBc0e3CzXVgjFpKA6qFLd9FHBBqwN8Co0xYH6t2JVUZrtFwZ4bBiwptkiLxyOg==
  dependencies:
    "@inquirer/ansi" "^2.0.6"
    "@inquirer/core" "^11.2.0"
    "@inquirer/figures" "^2.0.6"
    "@inquirer/type" "^4.0.6"

"@inquirer/confirm@^6.1.0":
  version "6.1.0"
  resolved "https://registry.yarnpkg.com/@inquirer/confirm/-/confirm-6.1.0.tgz#69f31076d59d7f85f59a2d0b8434f46c95b9bf5e"
  integrity sha512-USpeB76eqK7yGricDlGAupxWlp4a59qpeZOoNWaxO/nJln7agpJveyNkQ1d5u8YXG6TOqxZtQpKPORQQDrdVsA==
  dependencies:
    "@inquirer/core" "^11.2.0"
    "@inquirer/type" "^4.0.6"

"@inquirer/core@^11.2.0":
  version "11.2.0"
  resolved "https://registry.yarnpkg.com/@inquirer/core/-/core-11.2.0.tgz#dd59e490099cde25da4f5a93db47fe5c563df72a"
  integrity sha512-joR1YS2sI0us+9d0I8ViqFbrRLONO8CFTuyvBX4ZVBSch+VsZiugUABdrhBXXJR1VyEzvpz5SQCix3keETQ58g==
  dependencies:
    "@inquirer/ansi" "^2.0.6"
    "@inquirer/figures" "^2.0.6"
    "@inquirer/type" "^4.0.6"
    cli-width "^4.1.0"
    fast-wrap-ansi "^0.2.0"
    mute-stream "^4.0.0"
    signal-exit "^4.1.0"

"@inquirer/editor@^5.2.0":
  version "5.2.0"
  resolved "https://registry.yarnpkg.com/@inquirer/editor/-/editor-5.2.0.tgz#ffac65843db4477c59a4aa223e193de5f8a98a86"
  integrity sha512-/m+sgRmzSdK6HDtVnl3PmI6MnZC4O+LLezedoJcrX7mINhTjjb0hlC7aEDGZXkFTB4b5uQ0q59AhYTah88KbNg==
  dependencies:
    "@inquirer/core" "^11.2.0"
    "@inquirer/external-editor" "^3.0.1"
    "@inquirer/type" "^4.0.6"

"@inquirer/expand@^5.1.0":
  version "5.1.0"
  resolved "https://registry.yarnpkg.com/@inquirer/expand/-/expand-5.1.0.tgz#77807c5e4ffc0904a9ca95f0deef7053153e441a"
  integrity sha512-fR7g4BVnIcs+4NApF6C5byflNM/EULxSxsv/2Jvg+gmop0R6eBIPvZqE6RYnTy1tQTFnf9wyHkwNoQSZbofaGA==
  dependencies:
    "@inquirer/core" "^11.2.0"
    "@inquirer/type" "^4.0.6"

"@inquirer/external-editor@^3.0.1":
  version "3.0.1"
  resolved "https://registry.yarnpkg.com/@inquirer/external-editor/-/external-editor-3.0.1.tgz#764d43a509734ce81d083a553a2b79ec3dc8d984"
  integrity sha512-tam+Gwjsxg2sx3iUVPkAnhKT/yrk2rd2NAa7XJU/J8OYpU0ifXsnp12xlvzp/DCpWBXVv+vLQsqnpAWwUcWD5Q==
  dependencies:
    chardet "^2.1.1"
    iconv-lite "^0.7.2"

"@inquirer/figures@^2.0.6":
  version "2.0.6"
  resolved "https://registry.yarnpkg.com/@inquirer/figures/-/figures-2.0.6.tgz#2760cc9a9ea8d238ba48059b16b77e5c7eb319ba"
  integrity sha512-dsZgQtH2t5Q6ah3aPbZbeEZAxsD9qQu0DXf01AltuEfRTm+NoLN6+rLVbr+4edeEbNCp/wBNM6mALRWtsQpfkw==

"@inquirer/input@^5.1.0":
  version "5.1.0"
  resolved "https://registry.yarnpkg.com/@inquirer/input/-/input-5.1.0.tgz#0e3dab4866f69c8b38cb4686da19cd56bdea5bd8"
  integrity sha512-sVZCz6P6e8tW5g2bSFel1oLpa6jK/u7BexFfrgTqR8syIdnHqy+iopnlSbYBZMsCK52chLjhGNBxt0eRqhsghw==
  dependencies:
    "@inquirer/core" "^11.2.0"
    "@inquirer/type" "^4.0.6"

"@inquirer/number@^4.1.0":
  version "4.1.0"
  resolved "https://registry.yarnpkg.com/@inquirer/number/-/number-4.1.0.tgz#841489e68dcaf76a8fce19b5c0b48b14eced240f"
  integrity sha512-VMXB/XejCbaSTf9Xucl7dqjzzsaGsrs6XwSYXPbGZ2QbSuq/Gz8XamhSi9ClRubNXZlGry9xVg1tKkJdTDgCtQ==
  dependencies:
    "@inquirer/core" "^11.2.0"
    "@inquirer/type" "^4.0.6"

"@inquirer/password@^5.1.0":
  version "5.1.0"
  resolved "https://registry.yarnpkg.com/@inquirer/password/-/password-5.1.0.tgz#af0289bad1f7718db4e7f6f5eb398c2985a8e256"
  integrity sha512-5tqRuKCDIUxdPxTI/CuLnh914kz+WMPmURHKnZgui9gk43ebudEsdu4EwSn1CPSi5R+17YpBG+ba/YqTnRAcJA==
  dependencies:
    "@inquirer/ansi" "^2.0.6"
    "@inquirer/core" "^11.2.0"
    "@inquirer/type" "^4.0.6"

"@inquirer/prompts@^8.5.0":
  version "8.5.0"
  resolved "https://registry.yarnpkg.com/@inquirer/prompts/-/prompts-8.5.0.tgz#159c0f024b088af33f20c81de6abad3fe21cd115"
  integrity sha512-pLjXOnY4y3R1mgyHP3pXD/8eXejp+L/dde/0N2NLKgKfMstqhNZrpvs7Wkzbl9FYFQh10LRQ7QZwq+cz9rrhyw==
  dependencies:
    "@inquirer/checkbox" "^5.2.0"
    "@inquirer/confirm" "^6.1.0"
    "@inquirer/editor" "^5.2.0"
    "@inquirer/expand" "^5.1.0"
    "@inquirer/input" "^5.1.0"
    "@inquirer/number" "^4.1.0"
    "@inquirer/password" "^5.1.0"
    "@inquirer/rawlist" "^5.3.0"
    "@inquirer/search" "^4.2.0"
    "@inquirer/select" "^5.2.0"

"@inquirer/rawlist@^5.3.0":
  version "5.3.0"
  resolved "https://registry.yarnpkg.com/@inquirer/rawlist/-/rawlist-5.3.0.tgz#6700a3a8c06b2ea3c9e7185d7c672cd47ced9fa6"
  integrity sha512-p+vAeTAD+cGXjGleP1F5LXrX2ISxNDZm+lqeBpnJausNLSZskZZkcggwhomqP8Igx9oIjnoeOrw98xvdFvdm2w==
  dependencies:
    "@inquirer/core" "^11.2.0"
    "@inquirer/type" "^4.0.6"

"@inquirer/search@^4.2.0":
  version "4.2.0"
  resolved "https://registry.yarnpkg.com/@inquirer/search/-/search-4.2.0.tgz#3a9e71fe7f6167b96450ccdcb873e8b8f6d94877"
  integrity sha512-ByURoSGIaSl5O5Q0AmYmVmUsXbMUcBGNoA3FRL7TOyiA22IeFHymJKRkuILbOIlJwqnBk7AnPpseodyFUBzg+g==
  dependencies:
    "@inquirer/core" "^11.2.0"
    "@inquirer/figures" "^2.0.6"
    "@inquirer/type" "^4.0.6"

"@inquirer/select@^5.2.0":
  version "5.2.0"
  resolved "https://registry.yarnpkg.com/@inquirer/select/-/select-5.2.0.tgz#aa1669e9a24df0f319d376b5424c7ac3b0a50c22"
  integrity sha512-6IzkcmEbEXfgVbxZ2d1UyJFbCBoc6dTofulFmrYuomIp88HXiVqRbqbg4/mbfZhvnNo6xYmnYo2AEmDof6fQkg==
  dependencies:
    "@inquirer/ansi" "^2.0.6"
    "@inquirer/core" "^11.2.0"
    "@inquirer/figures" "^2.0.6"
    "@inquirer/type" "^4.0.6"

"@inquirer/type@^4.0.6":
  version "4.0.6"
  resolved "https://registry.yarnpkg.com/@inquirer/type/-/type-4.0.6.tgz#490b2130eccde68f8a63697e100f4c6fce7a01c7"
  integrity sha512-J+9tdxOskuYuGjsvGaq00AamhDgjR7anhEW2dP4QdQpFCMPngCeC/bCYWQ5NsMWZRdsy53is7kAHb/+7cwDk2g==

ansi-align@^3.0.1:
  version "3.0.1"
  resolved "https://registry.yarnpkg.com/ansi-align/-/ansi-align-3.0.1.tgz#0cdf12e111ace773a86e9a1fad1225c43cb19a59"
  integrity sha512-IOfwwBF5iczOjp/WeY4YxyjqAFMQoZufdQWDd19SEExbVLNXqvpzSJ/M7Za4/sCPmQ0+GRquoA7bGcINcxew6w==
  dependencies:
    string-width "^4.1.0"

ansi-regex@^5.0.1:
  version "5.0.1"
  resolved "https://registry.yarnpkg.com/ansi-regex/-/ansi-regex-5.0.1.tgz#082cb2c89c9fe8659a311a53bd6a4dc5301db304"
  integrity sha512-quJQXlTSUGL2LH9SUXo8VwsY4soanhgo6LNSm84E1LBcE8s3O0wpdiRzyR9z/ZZJMlMWv37qOOb9pdJlMUEKFQ==

ansi-regex@^6.2.2:
  version "6.2.2"
  resolved "https://registry.yarnpkg.com/ansi-regex/-/ansi-regex-6.2.2.tgz#60216eea464d864597ce2832000738a0589650c1"
  integrity sha512-Bq3SmSpyFHaWjPk8If9yc6svM8c56dB5BAtW4Qbw5jHTwwXXcTLoRMkpDJp6VL0XzlWaCHTXrkFURMYmD0sLqg==

ansi-styles@^6.2.1:
  version "6.2.3"
  resolved "https://registry.yarnpkg.com/ansi-styles/-/ansi-styles-6.2.3.tgz#c044d5dcc521a076413472597a1acb1f103c4041"
  integrity sha512-4Dj6M28JB+oAH8kFkTLUo+a2jwOFkuqb3yucU0CANcRRUbxS0cP0nZYCGjcc3BNXwRIsUVmDGgzawme7zvJHvg==

boxen@^8.0.1:
  version "8.0.1"
  resolved "https://registry.yarnpkg.com/boxen/-/boxen-8.0.1.tgz#7e9fcbb45e11a2d7e6daa8fdcebfc3242fc19fe3"
  integrity sha512-F3PH5k5juxom4xktynS7MoFY+NUWH5LC4CnH11YB8NPew+HLpmBLCybSAEyb2F+4pRXhuhWqFesoQd6DAyc2hw==
  dependencies:
    ansi-align "^3.0.1"
    camelcase "^8.0.0"
    chalk "^5.3.0"
    cli-boxes "^3.0.0"
    string-width "^7.2.0"
    type-fest "^4.21.0"
    widest-line "^5.0.0"
    wrap-ansi "^9.0.0"

bundle-name@^4.1.0:
  version "4.1.0"
  resolved "https://registry.yarnpkg.com/bundle-name/-/bundle-name-4.1.0.tgz#f3b96b34160d6431a19d7688135af7cfb8797889"
  integrity sha512-tjwM5exMg6BGRI+kNmTntNsvdZS1X8BFYS6tnJ2hdH0kVxM6/eVZ2xy+FqStSWvYmtfFMDLIxurorHwDKfDz5Q==
  dependencies:
    run-applescript "^7.0.0"

camelcase@^8.0.0:
  version "8.0.0"
  resolved "https://registry.yarnpkg.com/camelcase/-/camelcase-8.0.0.tgz#c0d36d418753fb6ad9c5e0437579745c1c14a534"
  integrity sha512-8WB3Jcas3swSvjIeA2yvCJ+Miyz5l1ZmB6HFb9R1317dt9LCQoswg/BGrmAmkWVEszSrrg4RwmO46qIm2OEnSA==

chalk@^5.3.0, chalk@^5.6.2:
  version "5.6.2"
  resolved "https://registry.yarnpkg.com/chalk/-/chalk-5.6.2.tgz#b1238b6e23ea337af71c7f8a295db5af0c158aea"
  integrity sha512-7NzBL0rN6fMUW+f7A6Io4h40qQlG+xGmtMxfbnH/K7TAtt8JQWVQK+6g0UXKMeVJoyV5EkkNsErQ8pVD3bLHbA==

chardet@^2.1.1:
  version "2.1.1"
  resolved "https://registry.yarnpkg.com/chardet/-/chardet-2.1.1.tgz#5c75593704a642f71ee53717df234031e65373c8"
  integrity sha512-PsezH1rqdV9VvyNhxxOW32/d75r01NY7TQCmOqomRo15ZSOKbpTFVsfjghxo6JloQUCGnH4k1LGu0R4yCLlWQQ==

cli-boxes@^3.0.0:
  version "3.0.0"
  resolved "https://registry.yarnpkg.com/cli-boxes/-/cli-boxes-3.0.0.tgz#71a10c716feeba005e4504f36329ef0b17cf3145"
  integrity sha512-/lzGpEWL/8PfI0BmBOPRwp0c/wFNX1RdUML3jK/RcSBA9T8mZDdQpqYBKtCFTOfQbwPqWEOpjqW+Fnayc0969g==

cli-width@^4.1.0:
  version "4.1.0"
  resolved "https://registry.yarnpkg.com/cli-width/-/cli-width-4.1.0.tgz#42daac41d3c254ef38ad8ac037672130173691c5"
  integrity sha512-ouuZd4/dm2Sw5Gmqy6bGyNNNe1qt9RpmxveLSO7KcgsTnU7RXfsw+/bukWGo1abgBiMAic068rclZsO4IWmmxQ==

default-browser-id@^5.0.0:
  version "5.0.1"
  resolved "https://registry.yarnpkg.com/default-browser-id/-/default-browser-id-5.0.1.tgz#f7a7ccb8f5104bf8e0f71ba3b1ccfa5eafdb21e8"
  integrity sha512-x1VCxdX4t+8wVfd1so/9w+vQ4vx7lKd2Qp5tDRutErwmR85OgmfX7RlLRMWafRMY7hbEiXIbudNrjOAPa/hL8Q==

default-browser@^5.4.0:
  version "5.5.0"
  resolved "https://registry.yarnpkg.com/default-browser/-/default-browser-5.5.0.tgz#2792e886f2422894545947cc80e1a444496c5976"
  integrity sha512-H9LMLr5zwIbSxrmvikGuI/5KGhZ8E2zH3stkMgM5LpOWDutGM2JZaj460Udnf1a+946zc7YBgrqEWwbk7zHvGw==
  dependencies:
    bundle-name "^4.1.0"
    default-browser-id "^5.0.0"

define-lazy-prop@^3.0.0:
  version "3.0.0"
  resolved "https://registry.yarnpkg.com/define-lazy-prop/-/define-lazy-prop-3.0.0.tgz#dbb19adfb746d7fc6d734a06b72f4a00d021255f"
  integrity sha512-N+MeXYoqr3pOgn8xfyRPREN7gHakLYjhsHhWGT3fWAiL4IkAt0iDw14QiiEm2bE30c5XX5q0FtAA3CK5f9/BUg==

emoji-regex@^10.3.0:
  version "10.6.0"
  resolved "https://registry.yarnpkg.com/emoji-regex/-/emoji-regex-10.6.0.tgz#bf3d6e8f7f8fd22a65d9703475bc0147357a6b0d"
  integrity sha512-toUI84YS5YmxW219erniWD0CIVOo46xGKColeNQRgOzDorgBi1v4D71/OFzgD9GO2UGKIv1C3Sp8DAn0+j5w7A==

emoji-regex@^8.0.0:
  version "8.0.0"
  resolved "https://registry.yarnpkg.com/emoji-regex/-/emoji-regex-8.0.0.tgz#e818fd69ce5ccfcb404594f842963bf53164cc37"
  integrity sha512-MSjYzcWNOA0ewAHpz0MxpYFvwg6yjy1NG3xteoqz644VCo/RPgnr1/GGt+ic3iJTzQ8Eu3TdM14SawnVUmGE6A==

fast-string-truncated-width@^3.0.2:
  version "3.0.3"
  resolved "https://registry.yarnpkg.com/fast-string-truncated-width/-/fast-string-truncated-width-3.0.3.tgz#23afe0da67d752ca0727538f1e6967759728ce49"
  integrity sha512-0jjjIEL6+0jag3l2XWWizO64/aZVtpiGE3t0Zgqxv0DPuxiMjvB3M24fCyhZUO4KomJQPj3LTSUnDP3GpdwC0g==

fast-string-width@^3.0.2:
  version "3.0.2"
  resolved "https://registry.yarnpkg.com/fast-string-width/-/fast-string-width-3.0.2.tgz#16dbabb491ce5585b5ecb675b65c165d71688eeb"
  integrity sha512-gX8LrtNEI5hq8DVUfRQMbr5lpaS4nMIWV+7XEbXk2b8kiQIizgnlr12B4dA3ZEx3308ze0O4Q1R+cHts8kyUJg==
  dependencies:
    fast-string-truncated-width "^3.0.2"

fast-wrap-ansi@^0.2.0:
  version "0.2.0"
  resolved "https://registry.yarnpkg.com/fast-wrap-ansi/-/fast-wrap-ansi-0.2.0.tgz#c0ae3f3982d061c3d657ec927196fbb47e22fe64"
  integrity sha512-rLV8JHxTyhVmFYhBJuMujcrHqOT2cnO5Zxj37qROj23CP39GXubJRBUFF0z8KFK77Uc0SukZUf7JZhsVEQ6n8w==
  dependencies:
    fast-string-width "^3.0.2"

get-east-asian-width@^1.0.0:
  version "1.5.0"
  resolved "https://registry.yarnpkg.com/get-east-asian-width/-/get-east-asian-width-1.5.0.tgz#ce7008fe345edcf5497a6f557cfa54bc318a9ce7"
  integrity sha512-CQ+bEO+Tva/qlmw24dCejulK5pMzVnUOFOijVogd3KQs07HnRIgp8TGipvCCRT06xeYEbpbgwaCxglFyiuIcmA==

iconv-lite@^0.7.2:
  version "0.7.2"
  resolved "https://registry.yarnpkg.com/iconv-lite/-/iconv-lite-0.7.2.tgz#d0bdeac3f12b4835b7359c2ad89c422a4d1cc72e"
  integrity sha512-im9DjEDQ55s9fL4EYzOAv0yMqmMBSZp6G0VvFyTMPKWxiSBHUj9NW/qqLmXUwXrrM7AvqSlTCfvqRb0cM8yYqw==
  dependencies:
    safer-buffer ">= 2.1.2 < 3.0.0"

inquirer@^14.0.0:
  version "14.0.0"
  resolved "https://registry.yarnpkg.com/inquirer/-/inquirer-14.0.0.tgz#be5b33f60e93526e047c6742a7101ee64fdafda0"
  integrity sha512-W0xnGyYC4yUe36RHOPKjPqNMTCEdT56n+lIvUtaErh53wdwhAN/P+NSQT38BdewCpoBmCmbGqK470vaznfF+yg==
  dependencies:
    "@inquirer/ansi" "^2.0.6"
    "@inquirer/core" "^11.2.0"
    "@inquirer/prompts" "^8.5.0"
    "@inquirer/type" "^4.0.6"
    mute-stream "^4.0.0"
    run-async "^4.0.6"

is-docker@^3.0.0:
  version "3.0.0"
  resolved "https://registry.yarnpkg.com/is-docker/-/is-docker-3.0.0.tgz#90093aa3106277d8a77a5910dbae71747e15a200"
  integrity sha512-eljcgEDlEns/7AXFosB5K/2nCM4P7FQPkGc/DWLy5rmFEWvZayGrik1d9/QIY5nJ4f9YsVvBkA6kJpHn9rISdQ==

is-fullwidth-code-point@^3.0.0:
  version "3.0.0"
  resolved "https://registry.yarnpkg.com/is-fullwidth-code-point/-/is-fullwidth-code-point-3.0.0.tgz#f116f8064fe90b3f7844a38997c0b75051269f1d"
  integrity sha512-zymm5+u+sCsSWyD9qNaejV3DFvhCKclKdizYaJUuHA83RLjb7nSuGnddCHGv0hk+KY7BMAlsWeK4Ueg6EV6XQg==

is-in-ssh@^1.0.0:
  version "1.0.0"
  resolved "https://registry.yarnpkg.com/is-in-ssh/-/is-in-ssh-1.0.0.tgz#8eb73c1cabba77748d389588eeea132a63057622"
  integrity sha512-jYa6Q9rH90kR1vKB6NM7qqd1mge3Fx4Dhw5TVlK1MUBqhEOuCagrEHMevNuCcbECmXZ0ThXkRm+Ymr51HwEPAw==

is-inside-container@^1.0.0:
  version "1.0.0"
  resolved "https://registry.yarnpkg.com/is-inside-container/-/is-inside-container-1.0.0.tgz#e81fba699662eb31dbdaf26766a61d4814717ea4"
  integrity sha512-KIYLCCJghfHZxqjYBE7rEy0OBuTd5xCHS7tHVgvCLkx7StIoaxwNW3hCALgEUjFfeRk+MG/Qxmp/vtETEF3tRA==
  dependencies:
    is-docker "^3.0.0"

is-wsl@^3.1.0:
  version "3.1.1"
  resolved "https://registry.yarnpkg.com/is-wsl/-/is-wsl-3.1.1.tgz#327897b26832a3eb117da6c27492d04ca132594f"
  integrity sha512-e6rvdUCiQCAuumZslxRJWR/Doq4VpPR82kqclvcS0efgt430SlGIk05vdCN58+VrzgtIcfNODjozVielycD4Sw==
  dependencies:
    is-inside-container "^1.0.0"

mute-stream@^4.0.0:
  version "4.0.0"
  resolved "https://registry.yarnpkg.com/mute-stream/-/mute-stream-4.0.0.tgz#3b04c237748aa7a2c93d8b5093cb001eaca1fbeb"
  integrity sha512-gSrprq0fJ3EiOErzjdIZrjysVVmJ4uu1QWfCDss5LypA5OXvrMje5Ym5z6V6RLyJ2eF87lasX7t6a0AnFvZblg==

open@^11.0.0:
  version "11.0.0"
  resolved "https://registry.yarnpkg.com/open/-/open-11.0.0.tgz#897e6132f994d3554cbcf72e0df98f176a7e5f62"
  integrity sha512-smsWv2LzFjP03xmvFoJ331ss6h+jixfA4UUV/Bsiyuu4YJPfN+FIQGOIiv4w9/+MoHkfkJ22UIaQWRVFRfH6Vw==
  dependencies:
    default-browser "^5.4.0"
    define-lazy-prop "^3.0.0"
    is-in-ssh "^1.0.0"
    is-inside-container "^1.0.0"
    powershell-utils "^0.1.0"
    wsl-utils "^0.3.0"

powershell-utils@^0.1.0:
  version "0.1.0"
  resolved "https://registry.yarnpkg.com/powershell-utils/-/powershell-utils-0.1.0.tgz#5a42c9a824fb4f2f251ccb41aaae73314f5d6ac2"
  integrity sha512-dM0jVuXJPsDN6DvRpea484tCUaMiXWjuCn++HGTqUWzGDjv5tZkEZldAJ/UMlqRYGFrD/etByo4/xOuC/snX2A==

run-applescript@^7.0.0:
  version "7.1.0"
  resolved "https://registry.yarnpkg.com/run-applescript/-/run-applescript-7.1.0.tgz#2e9e54c4664ec3106c5b5630e249d3d6595c4911"
  integrity sha512-DPe5pVFaAsinSaV6QjQ6gdiedWDcRCbUuiQfQa2wmWV7+xC9bGulGI8+TdRmoFkAPaBXk8CrAbnlY2ISniJ47Q==

run-async@^4.0.6:
  version "4.0.6"
  resolved "https://registry.yarnpkg.com/run-async/-/run-async-4.0.6.tgz#d53b86acb71f42650fe23de2b3c1b6b6b34b9294"
  integrity sha512-IoDlSLTs3Yq593mb3ZoKWKXMNu3UpObxhgA/Xuid5p4bbfi2jdY1Hj0m1K+0/tEuQTxIGMhQDqGjKb7RuxGpAQ==

"safer-buffer@>= 2.1.2 < 3.0.0":
  version "2.1.2"
  resolved "https://registry.yarnpkg.com/safer-buffer/-/safer-buffer-2.1.2.tgz#44fa161b0187b9549dd84bb91802f9bd8385cd6a"
  integrity sha512-YZo3K82SD7Riyi0E1EQPojLz7kpepnSQI9IyPbHHg1XXXevb5dJI7tpyN2ADxGcQbHG7vcyRHk0cbwqcQriUtg==

signal-exit@^4.1.0:
  version "4.1.0"
  resolved "https://registry.yarnpkg.com/signal-exit/-/signal-exit-4.1.0.tgz#952188c1cbd546070e2dd20d0f41c0ae0530cb04"
  integrity sha512-bzyZ1e88w9O1iNJbKnOlvYTrWPDl46O1bG0D3XInv+9tkPrxrN8jUUTiFlDkkmKWgn1M6CfIA13SuGqOa9Korw==

string-width@^4.1.0:
  version "4.2.3"
  resolved "https://registry.yarnpkg.com/string-width/-/string-width-4.2.3.tgz#269c7117d27b05ad2e536830a8ec895ef9c6d010"
  integrity sha512-wKyQRQpjJ0sIp62ErSZdGsjMJWsap5oRNihHhu6G7JVO/9jIB6UyevL+tXuOqrng8j/cxKTWyWUwvSTriiZz/g==
  dependencies:
    emoji-regex "^8.0.0"
    is-fullwidth-code-point "^3.0.0"
    strip-ansi "^6.0.1"

string-width@^7.0.0, string-width@^7.2.0:
  version "7.2.0"
  resolved "https://registry.yarnpkg.com/string-width/-/string-width-7.2.0.tgz#b5bb8e2165ce275d4d43476dd2700ad9091db6dc"
  integrity sha512-tsaTIkKW9b4N+AEj+SVA+WhJzV7/zMhcSu78mLKWSk7cXMOSHsBKFWUs0fWwq8QyK3MgJBQRX6Gbi4kYbdvGkQ==
  dependencies:
    emoji-regex "^10.3.0"
    get-east-asian-width "^1.0.0"
    strip-ansi "^7.1.0"

strip-ansi@^6.0.1:
  version "6.0.1"
  resolved "https://registry.yarnpkg.com/strip-ansi/-/strip-ansi-6.0.1.tgz#9e26c63d30f53443e9489495b2105d37b67a85d9"
  integrity sha512-Y38VPSHcqkFrCpFnQ9vuSXmquuv5oXOKpGeT6aGrr3o3Gc9AlVa6JBfUSOCnbxGGZF+/0ooI7KrPuUSztUdU5A==
  dependencies:
    ansi-regex "^5.0.1"

strip-ansi@^7.1.0:
  version "7.2.0"
  resolved "https://registry.yarnpkg.com/strip-ansi/-/strip-ansi-7.2.0.tgz#d22a269522836a627af8d04b5c3fd2c7fa3e32e3"
  integrity sha512-yDPMNjp4WyfYBkHnjIRLfca1i6KMyGCtsVgoKe/z1+6vukgaENdgGBZt+ZmKPc4gavvEZ5OgHfHdrazhgNyG7w==
  dependencies:
    ansi-regex "^6.2.2"

type-fest@^4.21.0:
  version "4.41.0"
  resolved "https://registry.yarnpkg.com/type-fest/-/type-fest-4.41.0.tgz#6ae1c8e5731273c2bf1f58ad39cbae2c91a46c58"
  integrity sha512-TeTSQ6H5YHvpqVwBRcnLDCBnDOHWYu7IvGbHT6N8AOymcr9PJGjc1GTtiWZTYg0NCgYwvnYWEkVChQAr9bjfwA==

widest-line@^5.0.0:
  version "5.0.0"
  resolved "https://registry.yarnpkg.com/widest-line/-/widest-line-5.0.0.tgz#b74826a1e480783345f0cd9061b49753c9da70d0"
  integrity sha512-c9bZp7b5YtRj2wOe6dlj32MK+Bx/M/d+9VB2SHM1OtsUHR0aV0tdP6DWh/iMt0kWi1t5g1Iudu6hQRNd1A4PVA==
  dependencies:
    string-width "^7.0.0"

wrap-ansi@^9.0.0:
  version "9.0.2"
  resolved "https://registry.yarnpkg.com/wrap-ansi/-/wrap-ansi-9.0.2.tgz#956832dea9494306e6d209eb871643bb873d7c98"
  integrity sha512-42AtmgqjV+X1VpdOfyTGOYRi0/zsoLqtXQckTmqTeybT+BDIbM/Guxo7x3pE2vtpr1ok6xRqM9OpBe+Jyoqyww==
  dependencies:
    ansi-styles "^6.2.1"
    string-width "^7.0.0"
    strip-ansi "^7.1.0"

wsl-utils@^0.3.0:
  version "0.3.1"
  resolved "https://registry.yarnpkg.com/wsl-utils/-/wsl-utils-0.3.1.tgz#9479836ddf03be267aad3abfc3cb1f6e0c9f1ed1"
  integrity sha512-g/eziiSUNBSsdDJtCLB8bdYEUMj4jR7AGeUo96p/3dTafgjHhpF4RiCFPiRILwjQoDXx5MqkBr4fwWtR3Ky4Wg==
  dependencies:
    is-wsl "^3.1.0"
    powershell-utils "^0.1.0"
